// !$*UTF8*$!
{
	archiveVersion = 1;
	classes = {
	};
	objectVersion = 48;
	objects = {

/* Begin PBXBuildFile section */
		3ABB520721CE78AF0069B931 /* AppDelegate.swift in Sources */ = {isa = PBXBuildFile; fileRef = 3ABB520621CE78AF0069B931 /* AppDelegate.swift */; };
		3ABB520921CE78AF0069B931 /* ViewController.swift in Sources */ = {isa = PBXBuildFile; fileRef = 3ABB520821CE78AF0069B931 /* ViewController.swift */; };
		3ABB520C21CE78AF0069B931 /* Main.storyboard in Resources */ = {isa = PBXBuildFile; fileRef = 3ABB520A21CE78AF0069B931 /* Main.storyboard */; };
		3ABB520E21CE78AF0069B931 /* Assets.xcassets in Resources */ = {isa = PBXBuildFile; fileRef = 3ABB520D21CE78AF0069B931 /* Assets.xcassets */; };
		3ABB521121CE78AF0069B931 /* LaunchScreen.storyboard in Resources */ = {isa = PBXBuildFile; fileRef = 3ABB520F21CE78AF0069B931 /* LaunchScreen.storyboard */; };
		3ABB521921CE793C0069B931 /* AYProgressBar.swift in Sources */ = {isa = PBXBuildFile; fileRef = 3ABB521821CE793C0069B931 /* AYProgressBar.swift */; };
/* End PBXBuildFile section */

/* Begin PBXFileReference section */
		3ABB520321CE78AF0069B931 /* AYProgressBar.app */ = {isa = PBXFileReference; explicitFileType = wrapper.application; includeInIndex = 0; path = AYProgressBar.app; sourceTree = BUILT_PRODUCTS_DIR; };
		3ABB520621CE78AF0069B931 /* AppDelegate.swift */ = {isa = PBXFileReference; lastKnownFileType = sourcecode.swift; path = AppDelegate.swift; sourceTree = "<group>"; };
		3ABB520821CE78AF0069B931 /* ViewController.swift */ = {isa = PBXFileReference; lastKnownFileType = sourcecode.swift; path = ViewController.swift; sourceTree = "<group>"; };
		3ABB520B21CE78AF0069B931 /* Base */ = {isa = PBXFileReference; lastKnownFileType = file.storyboard; name = Base; path = Base.lproj/Main.storyboard; sourceTree = "<group>"; };
		3ABB520D21CE78AF0069B931 /* Assets.xcassets */ = {isa = PBXFileReference; lastKnownFileType = folder.assetcatalog; path = Assets.xcassets; sourceTree = "<group>"; };
		3ABB521021CE78AF0069B931 /* Base */ = {isa = PBXFileReference; lastKnownFileType = file.storyboard; name = Base; path = Base.lproj/LaunchScreen.storyboard; sourceTree = "<group>"; };
		3ABB521221CE78AF0069B931 /* Info.plist */ = {isa = PBXFileReference; lastKnownFileType = text.plist.xml; path = Info.plist; sourceTree = "<group>"; };
		3ABB521821CE793C0069B931 /* AYProgressBar.swift */ = {isa = PBXFileReference; lastKnownFileType = sourcecode.swift; path = AYProgressBar.swift; sourceTree = "<group>"; };
/* End PBXFileReference section */

/* Begin PBXFrameworksBuildPhase section */
		3ABB520021CE78AF0069B931 /* Frameworks */ = {
			isa = PBXFrameworksBuildPhase;
			buildActionMask = 2147483647;
			files = (
			);
			runOnlyForDeploymentPostprocessing = 0;
		};
/* End PBXFrameworksBuildPhase section */

/* Begin PBXGroup section */
		3ABB51FA21CE78AF0069B931 = {
			isa = PBXGroup;
			children = (
				3ABB520521CE78AF0069B931 /* AYProgressBar */,
				3ABB520421CE78AF0069B931 /* Products */,
			);
			sourceTree = "<group>";
		};
		3ABB520421CE78AF0069B931 /* Products */ = {
			isa = PBXGroup;
			children = (
				3ABB520321CE78AF0069B931 /* AYProgressBar.app */,
			);
			name = Products;
			sourceTree = "<group>";
		};
		3ABB520521CE78AF0069B931 /* AYProgressBar */ = {
			isa = PBXGroup;
			children = (
				3ABB520621CE78AF0069B931 /* AppDelegate.swift */,
				3ABB520821CE78AF0069B931 /* ViewController.swift */,
				3ABB520A21CE78AF0069B931 /* Main.storyboard */,
				3ABB520D21CE78AF0069B931 /* Assets.xcassets */,
				3ABB520F21CE78AF0069B931 /* LaunchScreen.storyboard */,
				3ABB521221CE78AF0069B931 /* Info.plist */,
				3ABB521821CE793C0069B931 /* AYProgressBar.swift */,
			);
			path = AYProgressBar;
			sourceTree = "<group>";
		};
/* End PBXGroup section */

/* Begin PBXNativeTarget section */
		3ABB520221CE78AF0069B931 /* AYProgressBar */ = {
			isa = PBXNativeTarget;
			buildConfigurationList = 3ABB521521CE78AF0069B931 /* Build configuration list for PBXNativeTarget "AYProgressBar" */;
			buildPhases = (
				3ABB51FF21CE78AF0069B931 /* Sources */,
				3ABB520021CE78AF0069B931 /* Frameworks */,
				3ABB520121CE78AF0069B931 /* Resources */,
			);
			buildRules = (
			);
			dependencies = (
			);
			name = AYProgressBar;
			productName = AYProgressBar;
			productReference = 3ABB520321CE78AF0069B931 /* AYProgressBar.app */;
			productType = "com.apple.product-type.application";
		};
/* End PBXNativeTarget section */

/* Begin PBXProject section */
		3ABB51FB21CE78AF0069B931 /* Project object */ = {
			isa = PBXProject;
			attributes = {
				LastSwiftUpdateCheck = 0920;
				LastUpgradeCheck = 0920;
				ORGANIZATIONNAME = "Abdorahman Youssef";
				TargetAttributes = {
					3ABB520221CE78AF0069B931 = {
						CreatedOnToolsVersion = 9.2;
						ProvisioningStyle = Automatic;
					};
				};
			};
			buildConfigurationList = 3ABB51FE21CE78AF0069B931 /* Build configuration list for PBXProject "AYProgressBar" */;
			compatibilityVersion = "Xcode 8.0";
			developmentRegion = en;
			hasScannedForEncodings = 0;
			knownRegions = (
				en,
				Base,
			);
			mainGroup = 3ABB51FA21CE78AF0069B931;
			productRefGroup = 3ABB520421CE78AF0069B931 /* Products */;
			projectDirPath = "";
			projectRoot = "";
			targets = (
				3ABB520221CE78AF0069B931 /* AYProgressBar */,
			);
		};
/* End PBXProject section */

/* Begin PBXResourcesBuildPhase section */
		3ABB520121CE78AF0069B931 /* Resources */ = {
			isa = PBXResourcesBuildPhase;
			buildActionMask = 2147483647;
			files = (
				3ABB521121CE78AF0069B931 /* LaunchScreen.storyboard in Resources */,
				3ABB520E21CE78AF0069B931 /* Assets.xcassets in Resources */,
				3ABB520C21CE78AF0069B931 /* Main.storyboard in Resources */,
			);
			runOnlyForDeploymentPostprocessing = 0;
		};
/* End PBXResourcesBuildPhase section */

/* Begin PBXSourcesBuildPhase section */
		3ABB51FF21CE78AF0069B931 /* Sources */ = {
			isa = PBXSourcesBuildPhase;
			buildActionMask = 2147483647;
			files = (
				3ABB520921CE78AF0069B931 /* ViewController.swift in Sources */,
				3ABB520721CE78AF0069B931 /* AppDelegate.swift in Sources */,
				3ABB521921CE793C0069B931 /* AYProgressBar.swift in Sources */,
			);
			runOnlyForDeploymentPostprocessing = 0;
		};
/* End PBXSourcesBuildPhase section */

/* Begin PBXVariantGroup section */
		3ABB520A21CE78AF0069B931 /* Main.storyboard */ = {
			isa = PBXVariantGroup;
			children = (
				3ABB520B21CE78AF0069B931 /* Base */,
			);
			name = Main.storyboard;
			sourceTree = "<group>";
		};
		3ABB520F21CE78AF0069B931 /* LaunchScreen.storyboard */ = {
			isa = PBXVariantGroup;
			children = (
				3ABB521021CE78AF0069B931 /* Base */,
			);
			name = LaunchScreen.storyboard;
			sourceTree = "<group>";
		};
/* End PBXVariantGroup section */

/* Begin XCBuildConfiguration section */
		3ABB521321CE78AF0069B931 /* Debug */ = {
			isa = XCBuildConfiguration;
			buildSettings = {
				ALWAYS_SEARCH_USER_PATHS = NO;
				CLANG_ANALYZER_NONNULL = YES;
				CLANG_ANALYZER_NUMBER_OBJECT_CONVERSION = YES_AGGRESSIVE;
				CLANG_CXX_LANGUAGE_STANDARD = "gnu++14";
				CLANG_CXX_LIBRARY = "libc++";
				CLANG_ENABLE_MODULES = YES;
				CLANG_ENABLE_OBJC_ARC = YES;
				CLANG_WARN_BLOCK_CAPTURE_AUTORELEASING = YES;
				CLANG_WARN_BOOL_CONVERSION = YES;
				CLANG_WARN_COMMA = YES;
				CLANG_WARN_CONSTANT_CONVERSION = YES;
				CLANG_WARN_DIRECT_OBJC_ISA_USAGE = YES_ERROR;
				CLANG_WARN_DOCUMENTATION_COMMENTS = YES;
				CLANG_WARN_EMPTY_BODY = YES;
				CLANG_WARN_ENUM_CONVERSION = YES;
				CLANG_WARN_INFINITE_RECURSION = YES;
				CLANG_WARN_INT_CONVERSION = YES;
				CLANG_WARN_NON_LITERAL_NULL_CONVERSION = YES;
				CLANG_WARN_OBJC_LITERAL_CONVERSION = YES;
				CLANG_WARN_OBJC_ROOT_CLASS = YES_ERROR;
				CLANG_WARN_RANGE_LOOP_ANALYSIS = YES;
				CLANG_WARN_STRICT_PROTOTYPES = YES;
				CLANG_WARN_SUSPICIOUS_MOVE = YES;
				CLANG_WARN_UNGUARDED_AVAILABILITY = YES_AGGRESSIVE;
				CLANG_WARN_UNREACHABLE_CODE = YES;
				CLANG_WARN__DUPLICATE_METHOD_MATCH = YES;
				CODE_SIGN_IDENTITY = "iPhone Developer";
				COPY_PHASE_STRIP = NO;
				DEBUG_INFORMATION_FORMAT = dwarf;
				ENABLE_STRICT_OBJC_MSGSEND = YES;
				ENABLE_TESTABILITY = YES;
				GCC_C_LANGUAGE_STANDARD = gnu11;
				GCC_DYNAMIC_NO_PIC = NO;
				GCC_NO_COMMON_BLOCKS = YES;
				GCC_OPTIMIZATION_LEVEL = 0;
				GCC_PREPROCESSOR_DEFINITIONS = (
					"DEBUG=1",
					"$(inherited)",
				);
				GCC_WARN_64_TO_32_BIT_CONVERSION = YES;
				GCC_WARN_ABOUT_RETURN_TYPE = YES_ERROR;
				GCC_WARN_UNDECLARED_SELECTOR = YES;
				GCC_WARN_UNINITIALIZED_AUTOS = YES_AGGRESSIVE;
				GCC_WARN_UNUSED_FUNCTION = YES;
				GCC_WARN_UNUSED_VARIABLE = YES;
				IPHONEOS_DEPLOYMENT_TARGET = 11.2;
				MTL_ENABLE_DEBUG_INFO = YES;
				ONLY_ACTIVE_ARCH = YES;
				SDKROOT = iphoneos;
				SWIFT_ACTIVE_COMPILATION_CONDITIONS = DEBUG;
				SWIFT_OPTIMIZATION_LEVEL = "-Onone";
			};
			name = Debug;
		};
		3ABB521421CE78AF0069B931 /* Release */ = {
			isa = XCBuildConfiguration;
			buildSettings = {
				ALWAYS_SEARCH_USER_PATHS = NO;
				CLANG_ANALYZER_NONNULL = YES;
				CLANG_ANALYZER_NUMBER_OBJECT_CONVERSION = YES_AGGRESSIVE;
				CLANG_CXX_LANGUAGE_STANDARD = "gnu++14";
				CLANG_CXX_LIBRARY = "libc++";
				CLANG_ENABLE_MODULES = YES;
				CLANG_ENABLE_OBJC_ARC = YES;
				CLANG_WARN_BLOCK_CAPTURE_AUTORELEASING = YES;
				CLANG_WARN_BOOL_CONVERSION = YES;
				CLANG_WARN_COMMA = YES;
				CLANG_WARN_CONSTANT_CONVERSION = YES;
				CLANG_WARN_DIRECT_OBJC_ISA_USAGE = YES_ERROR;
				CLANG_WARN_DOCUMENTATION_COMMENTS = YES;
				CLANG_WARN_EMPTY_BODY = YES;
				CLANG_WARN_ENUM_CONVERSION = YES;
				CLANG_WARN_INFINITE_RECURSION = YES;
				CLANG_WARN_INT_CONVERSION = YES;
				CLANG_WARN_NON_LITERAL_NULL_CONVERSION = YES;
				CLANG_WARN_OBJC_LITERAL_CONVERSION = YES;
				CLANG_WARN_OBJC_ROOT_CLASS = YES_ERROR;
				CLANG_WARN_RANGE_LOOP_ANALYSIS = YES;
				CLANG_WARN_STRICT_PROTOTYPES = YES;
				CLANG_WARN_SUSPICIOUS_MOVE = YES;
				CLANG_WARN_UNGUARDED_AVAILABILITY = YES_AGGRESSIVE;
				CLANG_WARN_UNREACHABLE_CODE = YES;
				CLANG_WARN__DUPLICATE_METHOD_MATCH = YES;
				CODE_SIGN_IDENTITY = "iPhone Developer";
				COPY_PHASE_STRIP = NO;
				DEBUG_INFORMATION_FORMAT = "dwarf-with-dsym";
				ENABLE_NS_ASSERTIONS = NO;
				ENABLE_STRICT_OBJC_MSGSEND = YES;
				GCC_C_LANGUAGE_STANDARD = gnu11;
				GCC_NO_COMMON_BLOCKS = YES;
				GCC_WARN_64_TO_32_BIT_CONVERSION = YES;
				GCC_WARN_ABOUT_RETURN_TYPE = YES_ERROR;
				GCC_WARN_UNDECLARED_SELECTOR = YES;
				GCC_WARN_UNINITIALIZED_AUTOS = YES_AGGRESSIVE;
				GCC_WARN_UNUSED_FUNCTION = YES;
				GCC_WARN_UNUSED_VARIABLE = YES;
				IPHONEOS_DEPLOYMENT_TARGET = 11.2;
				MTL_ENABLE_DEBUG_INFO = NO;
				SDKROOT = iphoneos;
				SWIFT_OPTIMIZATION_LEVEL = "-Owholemodule";
				VALIDATE_PRODUCT = YES;
			};
			name = Release;
		};
		3ABB521621CE78AF0069B931 /* Debug */ = {
			isa = XCBuildConfiguration;
			buildSettings = {
				ASSETCATALOG_COMPILER_APPICON_NAME = AppIcon;
				CODE_SIGN_STYLE = Automatic;
				INFOPLIST_FILE = AYProgressBar/Info.plist;
				LD_RUNPATH_SEARCH_PATHS = "$(inherited) @executable_path/Frameworks";
				PRODUCT_BUNDLE_IDENTIFIER = com.abdorahman.AYProgressBar;
				PRODUCT_NAME = "$(TARGET_NAME)";
				SWIFT_VERSION = 4.0;
				TARGETED_DEVICE_FAMILY = "1,2";
			};
			name = Debug;
		};
		3ABB521721CE78AF0069B931 /* Release */ = {
			isa = XCBuildConfiguration;
			buildSettings = {
				ASSETCATALOG_COMPILER_APPICON_NAME = AppIcon;
				CODE_SIGN_STYLE = Automatic;
				INFOPLIST_FILE = AYProgressBar/Info.plist;
				LD_RUNPATH_SEARCH_PATHS = "$(inherited) @executable_path/Frameworks";
				PRODUCT_BUNDLE_IDENTIFIER = com.abdorahman.AYProgressBar;
				PRODUCT_NAME = "$(TARGET_NAME)";
				SWIFT_VERSION = 4.0;
				TARGETED_DEVICE_FAMILY = "1,2";
			};
			name = Release;
		};
/* End XCBuildConfiguration section */

/* Begin XCConfigurationList section */
		3ABB51FE21CE78AF0069B931 /* Build configuration list for PBXProject "AYProgressBar" */ = {
			isa = XCConfigurationList;
			buildConfigurations = (
				3ABB521321CE78AF0069B931 /* Debug */,
				3ABB521421CE78AF0069B931 /* Release */,
			);
			defaultConfigurationIsVisible = 0;
			defaultConfigurationName = Release;
		};
		3ABB521521CE78AF0069B931 /* Build configuration list for PBXNativeTarget "AYProgressBar" */ = {
			isa = XCConfigurationList;
			buildConfigurations = (
				3ABB521621CE78AF0069B931 /* Debug */,
				3ABB521721CE78AF0069B931 /* Release */,
			);
			defaultConfigurationIsVisible = 0;
			defaultConfigurationName = Release;
		};
/* End XCConfigurationList section */
	};
	rootObject = 3ABB51FB21CE78AF0069B931 /* Project object */;
}
